// !$*UTF8*$!
{
	archiveVersion = 1;
	classes = {
	};
	objectVersion = 77;
	objects = {

/* Begin PBXBuildFile section */
		231665552CE449320009B2C4 /* SnapKit in Frameworks */ = {isa = PBXBuildFile; productRef = 231665542CE449320009B2C4 /* SnapKit */; };
		2316655A2CE4493B0009B2C4 /* Then in Frameworks */ = {isa = PBXBuildFile; productRef = 231665592CE4493B0009B2C4 /* Then */; };
/* End PBXBuildFile section */

/* Begin PBXContainerItemProxy section */
		233B22472CCE345700B02C46 /* PBXContainerItemProxy */ = {
			isa = PBXContainerItemProxy;
			containerPortal = 233B22282CCE345500B02C46 /* Project object */;
			proxyType = 1;
			remoteGlobalIDString = 233B222F2CCE345500B02C46;
			remoteInfo = Routine;
		};
		233B22512CCE345700B02C46 /* PBXContainerItemProxy */ = {
			isa = PBXContainerItemProxy;
			containerPortal = 233B22282CCE345500B02C46 /* Project object */;
			proxyType = 1;
			remoteGlobalIDString = 233B222F2CCE345500B02C46;
			remoteInfo = Routine;
		};
/* End PBXContainerItemProxy section */

/* Begin PBXCopyFilesBuildPhase section */
		2316655C2CE44C170009B2C4 /* Embed Frameworks */ = {
			isa = PBXCopyFilesBuildPhase;
			buildActionMask = 2147483647;
			dstPath = "";
			dstSubfolderSpec = 10;
			files = (
			);
			name = "Embed Frameworks";
			runOnlyForDeploymentPostprocessing = 0;
		};
/* End PBXCopyFilesBuildPhase section */

/* Begin PBXFileReference section */
		233B22302CCE345500B02C46 /* Routine.app */ = {isa = PBXFileReference; explicitFileType = wrapper.application; includeInIndex = 0; path = Routine.app; sourceTree = BUILT_PRODUCTS_DIR; };
		233B22462CCE345700B02C46 /* RoutineTests.xctest */ = {isa = PBXFileReference; explicitFileType = wrapper.cfbundle; includeInIndex = 0; path = RoutineTests.xctest; sourceTree = BUILT_PRODUCTS_DIR; };
		233B22502CCE345700B02C46 /* RoutineUITests.xctest */ = {isa = PBXFileReference; explicitFileType = wrapper.cfbundle; includeInIndex = 0; path = RoutineUITests.xctest; sourceTree = BUILT_PRODUCTS_DIR; };
/* End PBXFileReference section */

/* Begin PBXFileSystemSynchronizedBuildFileExceptionSet section */
		233B22582CCE345700B02C46 /* Exceptions for "Routine" folder in "Routine" target */ = {
			isa = PBXFileSystemSynchronizedBuildFileExceptionSet;
			membershipExceptions = (
				Application/Info.plist,
			);
			target = 233B222F2CCE345500B02C46 /* Routine */;
		};
/* End PBXFileSystemSynchronizedBuildFileExceptionSet section */

/* Begin PBXFileSystemSynchronizedRootGroup section */
		233B22322CCE345500B02C46 /* Routine */ = {
			isa = PBXFileSystemSynchronizedRootGroup;
			exceptions = (
				233B22582CCE345700B02C46 /* Exceptions for "Routine" folder in "Routine" target */,
			);
			path = Routine;
			sourceTree = "<group>";
		};
		233B22492CCE345700B02C46 /* RoutineTests */ = {
			isa = PBXFileSystemSynchronizedRootGroup;
			path = RoutineTests;
			sourceTree = "<group>";
		};
		233B22532CCE345700B02C46 /* RoutineUITests */ = {
			isa = PBXFileSystemSynchronizedRootGroup;
			path = RoutineUITests;
			sourceTree = "<group>";
		};
/* End PBXFileSystemSynchronizedRootGroup section */

/* Begin PBXFrameworksBuildPhase section */
		233B222D2CCE345500B02C46 /* Frameworks */ = {
			isa = PBXFrameworksBuildPhase;
			buildActionMask = 2147483647;
			files = (
				231665552CE449320009B2C4 /* SnapKit in Frameworks */,
				2316655A2CE4493B0009B2C4 /* Then in Frameworks */,
			);
			runOnlyForDeploymentPostprocessing = 0;
		};
		233B22432CCE345700B02C46 /* Frameworks */ = {
			isa = PBXFrameworksBuildPhase;
			buildActionMask = 2147483647;
			files = (
			);
			runOnlyForDeploymentPostprocessing = 0;
		};
		233B224D2CCE345700B02C46 /* Frameworks */ = {
			isa = PBXFrameworksBuildPhase;
			buildActionMask = 2147483647;
			files = (
			);
			runOnlyForDeploymentPostprocessing = 0;
		};
/* End PBXFrameworksBuildPhase section */

/* Begin PBXGroup section */
		231665522CE4490D0009B2C4 /* Frameworks */ = {
			isa = PBXGroup;
			children = (
			);
			name = Frameworks;
			sourceTree = "<group>";
		};
		233B22272CCE345500B02C46 = {
			isa = PBXGroup;
			children = (
				233B22322CCE345500B02C46 /* Routine */,
				233B22492CCE345700B02C46 /* RoutineTests */,
				233B22532CCE345700B02C46 /* RoutineUITests */,
				231665522CE4490D0009B2C4 /* Frameworks */,
				233B22312CCE345500B02C46 /* Products */,
			);
			sourceTree = "<group>";
		};
		233B22312CCE345500B02C46 /* Products */ = {
			isa = PBXGroup;
			children = (
				233B22302CCE345500B02C46 /* Routine.app */,
				233B22462CCE345700B02C46 /* RoutineTests.xctest */,
				233B22502CCE345700B02C46 /* RoutineUITests.xctest */,
			);
			name = Products;
			sourceTree = "<group>";
		};
/* End PBXGroup section */

/* Begin PBXNativeTarget section */
		233B222F2CCE345500B02C46 /* Routine */ = {
			isa = PBXNativeTarget;
			buildConfigurationList = 233B22592CCE345700B02C46 /* Build configuration list for PBXNativeTarget "Routine" */;
			buildPhases = (
				233B222C2CCE345500B02C46 /* Sources */,
				233B222D2CCE345500B02C46 /* Frameworks */,
				233B222E2CCE345500B02C46 /* Resources */,
				2316655C2CE44C170009B2C4 /* Embed Frameworks */,
			);
			buildRules = (
			);
			dependencies = (
			);
			fileSystemSynchronizedGroups = (
				233B22322CCE345500B02C46 /* Routine */,
			);
			name = Routine;
			packageProductDependencies = (
				231665542CE449320009B2C4 /* SnapKit */,
				231665592CE4493B0009B2C4 /* Then */,
			);
			productName = Routine;
			productReference = 233B22302CCE345500B02C46 /* Routine.app */;
			productType = "com.apple.product-type.application";
		};
		233B22452CCE345700B02C46 /* RoutineTests */ = {
			isa = PBXNativeTarget;
			buildConfigurationList = 233B225E2CCE345700B02C46 /* Build configuration list for PBXNativeTarget "RoutineTests" */;
			buildPhases = (
				233B22422CCE345700B02C46 /* Sources */,
				233B22432CCE345700B02C46 /* Frameworks */,
				233B22442CCE345700B02C46 /* Resources */,
			);
			buildRules = (
			);
			dependencies = (
				233B22482CCE345700B02C46 /* PBXTargetDependency */,
			);
			fileSystemSynchronizedGroups = (
				233B22492CCE345700B02C46 /* RoutineTests */,
			);
			name = RoutineTests;
			packageProductDependencies = (
			);
			productName = RoutineTests;
			productReference = 233B22462CCE345700B02C46 /* RoutineTests.xctest */;
			productType = "com.apple.product-type.bundle.unit-test";
		};
		233B224F2CCE345700B02C46 /* RoutineUITests */ = {
			isa = PBXNativeTarget;
			buildConfigurationList = 233B22612CCE345700B02C46 /* Build configuration list for PBXNativeTarget "RoutineUITests" */;
			buildPhases = (
				233B224C2CCE345700B02C46 /* Sources */,
				233B224D2CCE345700B02C46 /* Frameworks */,
				233B224E2CCE345700B02C46 /* Resources */,
			);
			buildRules = (
			);
			dependencies = (
				233B22522CCE345700B02C46 /* PBXTargetDependency */,
			);
			fileSystemSynchronizedGroups = (
				233B22532CCE345700B02C46 /* RoutineUITests */,
			);
			name = RoutineUITests;
			packageProductDependencies = (
			);
			productName = RoutineUITests;
			productReference = 233B22502CCE345700B02C46 /* RoutineUITests.xctest */;
			productType = "com.apple.product-type.bundle.ui-testing";
		};
/* End PBXNativeTarget section */

/* Begin PBXProject section */
		233B22282CCE345500B02C46 /* Project object */ = {
			isa = PBXProject;
			attributes = {
				BuildIndependentTargetsInParallel = 1;
				LastSwiftUpdateCheck = 1600;
				LastUpgradeCheck = 1600;
				TargetAttributes = {
					233B222F2CCE345500B02C46 = {
						CreatedOnToolsVersion = 16.0;
					};
					233B22452CCE345700B02C46 = {
						CreatedOnToolsVersion = 16.0;
						TestTargetID = 233B222F2CCE345500B02C46;
					};
					233B224F2CCE345700B02C46 = {
						CreatedOnToolsVersion = 16.0;
						TestTargetID = 233B222F2CCE345500B02C46;
					};
				};
			};
			buildConfigurationList = 233B222B2CCE345500B02C46 /* Build configuration list for PBXProject "Routine" */;
			developmentRegion = en;
			hasScannedForEncodings = 0;
			knownRegions = (
				en,
				Base,
			);
			mainGroup = 233B22272CCE345500B02C46;
			minimizedProjectReferenceProxies = 1;
			packageReferences = (
				231665532CE449320009B2C4 /* XCRemoteSwiftPackageReference "SnapKit" */,
				231665582CE4493B0009B2C4 /* XCRemoteSwiftPackageReference "Then" */,
			);
			preferredProjectObjectVersion = 77;
			productRefGroup = 233B22312CCE345500B02C46 /* Products */;
			projectDirPath = "";
			projectRoot = "";
			targets = (
				233B222F2CCE345500B02C46 /* Routine */,
				233B22452CCE345700B02C46 /* RoutineTests */,
				233B224F2CCE345700B02C46 /* RoutineUITests */,
			);
		};
/* End PBXProject section */

/* Begin PBXResourcesBuildPhase section */
		233B222E2CCE345500B02C46 /* Resources */ = {
			isa = PBXResourcesBuildPhase;
			buildActionMask = 2147483647;
			files = (
			);
			runOnlyForDeploymentPostprocessing = 0;
		};
		233B22442CCE345700B02C46 /* Resources */ = {
			isa = PBXResourcesBuildPhase;
			buildActionMask = 2147483647;
			files = (
			);
			runOnlyForDeploymentPostprocessing = 0;
		};
		233B224E2CCE345700B02C46 /* Resources */ = {
			isa = PBXResourcesBuildPhase;
			buildActionMask = 2147483647;
			files = (
			);
			runOnlyForDeploymentPostprocessing = 0;
		};
/* End PBXResourcesBuildPhase section */

/* Begin PBXSourcesBuildPhase section */
		233B222C2CCE345500B02C46 /* Sources */ = {
			isa = PBXSourcesBuildPhase;
			buildActionMask = 2147483647;
			files = (
			);
			runOnlyForDeploymentPostprocessing = 0;
		};
		233B22422CCE345700B02C46 /* Sources */ = {
			isa = PBXSourcesBuildPhase;
			buildActionMask = 2147483647;
			files = (
			);
			runOnlyForDeploymentPostprocessing = 0;
		};
		233B224C2CCE345700B02C46 /* Sources */ = {
			isa = PBXSourcesBuildPhase;
			buildActionMask = 2147483647;
			files = (
			);
			runOnlyForDeploymentPostprocessing = 0;
		};
/* End PBXSourcesBuildPhase section */

/* Begin PBXTargetDependency section */
		233B22482CCE345700B02C46 /* PBXTargetDependency */ = {
			isa = PBXTargetDependency;
			target = 233B222F2CCE345500B02C46 /* Routine */;
			targetProxy = 233B22472CCE345700B02C46 /* PBXContainerItemProxy */;
		};
		233B22522CCE345700B02C46 /* PBXTargetDependency */ = {
			isa = PBXTargetDependency;
			target = 233B222F2CCE345500B02C46 /* Routine */;
			targetProxy = 233B22512CCE345700B02C46 /* PBXContainerItemProxy */;
		};
/* End PBXTargetDependency section */

/* Begin XCBuildConfiguration section */
		233B225A2CCE345700B02C46 /* Debug */ = {
			isa = XCBuildConfiguration;
			buildSettings = {
				ASSETCATALOG_COMPILER_APPICON_NAME = AppIcon;
				ASSETCATALOG_COMPILER_GLOBAL_ACCENT_COLOR_NAME = AccentColor;
				CODE_SIGN_STYLE = Automatic;
				CURRENT_PROJECT_VERSION = 1;
				DEVELOPMENT_TEAM = 6924CABL23;
				GENERATE_INFOPLIST_FILE = YES;
				INFOPLIST_FILE = Routine/Application/Info.plist;
				INFOPLIST_KEY_UIApplicationSupportsIndirectInputEvents = YES;
				INFOPLIST_KEY_UILaunchStoryboardName = LaunchScreen;
				INFOPLIST_KEY_UISupportedInterfaceOrientations_iPad = "UIInterfaceOrientationPortrait UIInterfaceOrientationPortraitUpsideDown UIInterfaceOrientationLandscapeLeft UIInterfaceOrientationLandscapeRight";
				INFOPLIST_KEY_UISupportedInterfaceOrientations_iPhone = "UIInterfaceOrientationPortrait UIInterfaceOrientationLandscapeLeft UIInterfaceOrientationLandscapeRight";
				IPHONEOS_DEPLOYMENT_TARGET = 18.0;
				LD_RUNPATH_SEARCH_PATHS = (
					"$(inherited)",
					"@executable_path/Frameworks",
				);
				MARKETING_VERSION = 1.0;
				PRODUCT_BUNDLE_IDENTIFIER = jaeyoungLee.Routine;
				PRODUCT_NAME = "$(TARGET_NAME)";
				SWIFT_EMIT_LOC_STRINGS = YES;
				SWIFT_VERSION = 5.0;
				TARGETED_DEVICE_FAMILY = "1,2";
			};
			name = Debug;
		};
		233B225B2CCE345700B02C46 /* Release */ = {
			isa = XCBuildConfiguration;
			buildSettings = {
				ASSETCATALOG_COMPILER_APPICON_NAME = AppIcon;
				ASSETCATALOG_COMPILER_GLOBAL_ACCENT_COLOR_NAME = AccentColor;
				CODE_SIGN_STYLE = Automatic;
				CURRENT_PROJECT_VERSION = 1;
				DEVELOPMENT_TEAM = 6924CABL23;
				GENERATE_INFOPLIST_FILE = YES;
				INFOPLIST_FILE = Routine/Application/Info.plist;
				INFOPLIST_KEY_UIApplicationSupportsIndirectInputEvents = YES;
				INFOPLIST_KEY_UILaunchStoryboardName = LaunchScreen;
				INFOPLIST_KEY_UISupportedInterfaceOrientations_iPad = "UIInterfaceOrientationPortrait UIInterfaceOrientationPortraitUpsideDown UIInterfaceOrientationLandscapeLeft UIInterfaceOrientationLandscapeRight";
				INFOPLIST_KEY_UISupportedInterfaceOrientations_iPhone = "UIInterfaceOrientationPortrait UIInterfaceOrientationLandscapeLeft UIInterfaceOrientationLandscapeRight";
				IPHONEOS_DEPLOYMENT_TARGET = 18.0;
				LD_RUNPATH_SEARCH_PATHS = (
					"$(inherited)",
					"@executable_path/Frameworks",
				);
				MARKETING_VERSION = 1.0;
				PRODUCT_BUNDLE_IDENTIFIER = jaeyoungLee.Routine;
				PRODUCT_NAME = "$(TARGET_NAME)";
				SWIFT_EMIT_LOC_STRINGS = YES;
				SWIFT_VERSION = 5.0;
				TARGETED_DEVICE_FAMILY = "1,2";
			};
			name = Release;
		};
		233B225C2CCE345700B02C46 /* Debug */ = {
			isa = XCBuildConfiguration;
			buildSettings = {
				ALWAYS_SEARCH_USER_PATHS = NO;
				ASSETCATALOG_COMPILER_GENERATE_SWIFT_ASSET_SYMBOL_EXTENSIONS = YES;
				CLANG_ANALYZER_NONNULL = YES;
				CLANG_ANALYZER_NUMBER_OBJECT_CONVERSION = YES_AGGRESSIVE;
				CLANG_CXX_LANGUAGE_STANDARD = "gnu++20";
				CLANG_ENABLE_MODULES = YES;
				CLANG_ENABLE_OBJC_ARC = YES;
				CLANG_ENABLE_OBJC_WEAK = YES;
				CLANG_WARN_BLOCK_CAPTURE_AUTORELEASING = YES;
				CLANG_WARN_BOOL_CONVERSION = YES;
				CLANG_WARN_COMMA = YES;
				CLANG_WARN_CONSTANT_CONVERSION = YES;
				CLANG_WARN_DEPRECATED_OBJC_IMPLEMENTATIONS = YES;
				CLANG_WARN_DIRECT_OBJC_ISA_USAGE = YES_ERROR;
				CLANG_WARN_DOCUMENTATION_COMMENTS = YES;
				CLANG_WARN_EMPTY_BODY = YES;
				CLANG_WARN_ENUM_CONVERSION = YES;
				CLANG_WARN_INFINITE_RECURSION = YES;
				CLANG_WARN_INT_CONVERSION = YES;
				CLANG_WARN_NON_LITERAL_NULL_CONVERSION = YES;
				CLANG_WARN_OBJC_IMPLICIT_RETAIN_SELF = YES;
				CLANG_WARN_OBJC_LITERAL_CONVERSION = YES;
				CLANG_WARN_OBJC_ROOT_CLASS = YES_ERROR;
				CLANG_WARN_QUOTED_INCLUDE_IN_FRAMEWORK_HEADER = YES;
				CLANG_WARN_RANGE_LOOP_ANALYSIS = YES;
				CLANG_WARN_STRICT_PROTOTYPES = YES;
				CLANG_WARN_SUSPICIOUS_MOVE = YES;
				CLANG_WARN_UNGUARDED_AVAILABILITY = YES_AGGRESSIVE;
				CLANG_WARN_UNREACHABLE_CODE = YES;
				CLANG_WARN__DUPLICATE_METHOD_MATCH = YES;
				COPY_PHASE_STRIP = NO;
				DEBUG_INFORMATION_FORMAT = dwarf;
				ENABLE_STRICT_OBJC_MSGSEND = YES;
				ENABLE_TESTABILITY = YES;
				ENABLE_USER_SCRIPT_SANDBOXING = YES;
				GCC_C_LANGUAGE_STANDARD = gnu17;
				GCC_DYNAMIC_NO_PIC = NO;
				GCC_NO_COMMON_BLOCKS = YES;
				GCC_OPTIMIZATION_LEVEL = 0;
				GCC_PREPROCESSOR_DEFINITIONS = (
					"DEBUG=1",
					"$(inherited)",
				);
				GCC_WARN_64_TO_32_BIT_CONVERSION = YES;
				GCC_WARN_ABOUT_RETURN_TYPE = YES_ERROR;
				GCC_WARN_UNDECLARED_SELECTOR = YES;
				GCC_WARN_UNINITIALIZED_AUTOS = YES_AGGRESSIVE;
				GCC_WARN_UNUSED_FUNCTION = YES;
				GCC_WARN_UNUSED_VARIABLE = YES;
				IPHONEOS_DEPLOYMENT_TARGET = 18.0;
				LOCALIZATION_PREFERS_STRING_CATALOGS = YES;
				MTL_ENABLE_DEBUG_INFO = INCLUDE_SOURCE;
				MTL_FAST_MATH = YES;
				ONLY_ACTIVE_ARCH = YES;
				SDKROOT = iphoneos;
				SWIFT_ACTIVE_COMPILATION_CONDITIONS = "DEBUG $(inherited)";
				SWIFT_OPTIMIZATION_LEVEL = "-Onone";
			};
			name = Debug;
		};
		233B225D2CCE345700B02C46 /* Release */ = {
			isa = XCBuildConfiguration;
			buildSettings = {
				ALWAYS_SEARCH_USER_PATHS = NO;
				ASSETCATALOG_COMPILER_GENERATE_SWIFT_ASSET_SYMBOL_EXTENSIONS = YES;
				CLANG_ANALYZER_NONNULL = YES;
				CLANG_ANALYZER_NUMBER_OBJECT_CONVERSION = YES_AGGRESSIVE;
				CLANG_CXX_LANGUAGE_STANDARD = "gnu++20";
				CLANG_ENABLE_MODULES = YES;
				CLANG_ENABLE_OBJC_ARC = YES;
				CLANG_ENABLE_OBJC_WEAK = YES;
				CLANG_WARN_BLOCK_CAPTURE_AUTORELEASING = YES;
				CLANG_WARN_BOOL_CONVERSION = YES;
				CLANG_WARN_COMMA = YES;
				CLANG_WARN_CONSTANT_CONVERSION = YES;
				CLANG_WARN_DEPRECATED_OBJC_IMPLEMENTATIONS = YES;
				CLANG_WARN_DIRECT_OBJC_ISA_USAGE = YES_ERROR;
				CLANG_WARN_DOCUMENTATION_COMMENTS = YES;
				CLANG_WARN_EMPTY_BODY = YES;
				CLANG_WARN_ENUM_CONVERSION = YES;
				CLANG_WARN_INFINITE_RECURSION = YES;
				CLANG_WARN_INT_CONVERSION = YES;
				CLANG_WARN_NON_LITERAL_NULL_CONVERSION = YES;
				CLANG_WARN_OBJC_IMPLICIT_RETAIN_SELF = YES;
				CLANG_WARN_OBJC_LITERAL_CONVERSION = YES;
				CLANG_WARN_OBJC_ROOT_CLASS = YES_ERROR;
				CLANG_WARN_QUOTED_INCLUDE_IN_FRAMEWORK_HEADER = YES;
				CLANG_WARN_RANGE_LOOP_ANALYSIS = YES;
				CLANG_WARN_STRICT_PROTOTYPES = YES;
				CLANG_WARN_SUSPICIOUS_MOVE = YES;
				CLANG_WARN_UNGUARDED_AVAILABILITY = YES_AGGRESSIVE;
				CLANG_WARN_UNREACHABLE_CODE = YES;
				CLANG_WARN__DUPLICATE_METHOD_MATCH = YES;
				COPY_PHASE_STRIP = NO;
				DEBUG_INFORMATION_FORMAT = "dwarf-with-dsym";
				ENABLE_NS_ASSERTIONS = NO;
				ENABLE_STRICT_OBJC_MSGSEND = YES;
				ENABLE_USER_SCRIPT_SANDBOXING = YES;
				GCC_C_LANGUAGE_STANDARD = gnu17;
				GCC_NO_COMMON_BLOCKS = YES;
				GCC_WARN_64_TO_32_BIT_CONVERSION = YES;
				GCC_WARN_ABOUT_RETURN_TYPE = YES_ERROR;
				GCC_WARN_UNDECLARED_SELECTOR = YES;
				GCC_WARN_UNINITIALIZED_AUTOS = YES_AGGRESSIVE;
				GCC_WARN_UNUSED_FUNCTION = YES;
				GCC_WARN_UNUSED_VARIABLE = YES;
				IPHONEOS_DEPLOYMENT_TARGET = 18.0;
				LOCALIZATION_PREFERS_STRING_CATALOGS = YES;
				MTL_ENABLE_DEBUG_INFO = NO;
				MTL_FAST_MATH = YES;
				SDKROOT = iphoneos;
				SWIFT_COMPILATION_MODE = wholemodule;
				VALIDATE_PRODUCT = YES;
			};
			name = Release;
		};
		233B225F2CCE345700B02C46 /* Debug */ = {
			isa = XCBuildConfiguration;
			buildSettings = {
				BUNDLE_LOADER = "$(TEST_HOST)";
				CODE_SIGN_STYLE = Automatic;
				CURRENT_PROJECT_VERSION = 1;
				DEVELOPMENT_TEAM = 6924CABL23;
				GENERATE_INFOPLIST_FILE = YES;
				IPHONEOS_DEPLOYMENT_TARGET = 18.0;
				MARKETING_VERSION = 1.0;
				PRODUCT_BUNDLE_IDENTIFIER = jaeyoungLee.RoutineTests;
				PRODUCT_NAME = "$(TARGET_NAME)";
				SWIFT_EMIT_LOC_STRINGS = NO;
				SWIFT_VERSION = 5.0;
				TARGETED_DEVICE_FAMILY = "1,2";
				TEST_HOST = "$(BUILT_PRODUCTS_DIR)/Routine.app/$(BUNDLE_EXECUTABLE_FOLDER_PATH)/Routine";
			};
			name = Debug;
		};
		233B22602CCE345700B02C46 /* Release */ = {
			isa = XCBuildConfiguration;
			buildSettings = {
				BUNDLE_LOADER = "$(TEST_HOST)";
				CODE_SIGN_STYLE = Automatic;
				CURRENT_PROJECT_VERSION = 1;
				DEVELOPMENT_TEAM = 6924CABL23;
				GENERATE_INFOPLIST_FILE = YES;
				IPHONEOS_DEPLOYMENT_TARGET = 18.0;
				MARKETING_VERSION = 1.0;
				PRODUCT_BUNDLE_IDENTIFIER = jaeyoungLee.RoutineTests;
				PRODUCT_NAME = "$(TARGET_NAME)";
				SWIFT_EMIT_LOC_STRINGS = NO;
				SWIFT_VERSION = 5.0;
				TARGETED_DEVICE_FAMILY = "1,2";
				TEST_HOST = "$(BUILT_PRODUCTS_DIR)/Routine.app/$(BUNDLE_EXECUTABLE_FOLDER_PATH)/Routine";
			};
			name = Release;
		};
		233B22622CCE345700B02C46 /* Debug */ = {
			isa = XCBuildConfiguration;
			buildSettings = {
				CODE_SIGN_STYLE = Automatic;
				CURRENT_PROJECT_VERSION = 1;
				DEVELOPMENT_TEAM = 6924CABL23;
				GENERATE_INFOPLIST_FILE = YES;
				MARKETING_VERSION = 1.0;
				PRODUCT_BUNDLE_IDENTIFIER = jaeyoungLee.RoutineUITests;
				PRODUCT_NAME = "$(TARGET_NAME)";
				SWIFT_EMIT_LOC_STRINGS = NO;
				SWIFT_VERSION = 5.0;
				TARGETED_DEVICE_FAMILY = "1,2";
				TEST_TARGET_NAME = Routine;
			};
			name = Debug;
		};
		233B22632CCE345700B02C46 /* Release */ = {
			isa = XCBuildConfiguration;
			buildSettings = {
				CODE_SIGN_STYLE = Automatic;
				CURRENT_PROJECT_VERSION = 1;
				DEVELOPMENT_TEAM = 6924CABL23;
				GENERATE_INFOPLIST_FILE = YES;
				MARKETING_VERSION = 1.0;
				PRODUCT_BUNDLE_IDENTIFIER = jaeyoungLee.RoutineUITests;
				PRODUCT_NAME = "$(TARGET_NAME)";
				SWIFT_EMIT_LOC_STRINGS = NO;
				SWIFT_VERSION = 5.0;
				TARGETED_DEVICE_FAMILY = "1,2";
				TEST_TARGET_NAME = Routine;
			};
			name = Release;
		};
/* End XCBuildConfiguration section */

/* Begin XCConfigurationList section */
		233B222B2CCE345500B02C46 /* Build configuration list for PBXProject "Routine" */ = {
			isa = XCConfigurationList;
			buildConfigurations = (
				233B225C2CCE345700B02C46 /* Debug */,
				233B225D2CCE345700B02C46 /* Release */,
			);
			defaultConfigurationIsVisible = 0;
			defaultConfigurationName = Release;
		};
		233B22592CCE345700B02C46 /* Build configuration list for PBXNativeTarget "Routine" */ = {
			isa = XCConfigurationList;
			buildConfigurations = (
				233B225A2CCE345700B02C46 /* Debug */,
				233B225B2CCE345700B02C46 /* Release */,
			);
			defaultConfigurationIsVisible = 0;
			defaultConfigurationName = Release;
		};
		233B225E2CCE345700B02C46 /* Build configuration list for PBXNativeTarget "RoutineTests" */ = {
			isa = XCConfigurationList;
			buildConfigurations = (
				233B225F2CCE345700B02C46 /* Debug */,
				233B22602CCE345700B02C46 /* Release */,
			);
			defaultConfigurationIsVisible = 0;
			defaultConfigurationName = Release;
		};
		233B22612CCE345700B02C46 /* Build configuration list for PBXNativeTarget "RoutineUITests" */ = {
			isa = XCConfigurationList;
			buildConfigurations = (
				233B22622CCE345700B02C46 /* Debug */,
				233B22632CCE345700B02C46 /* Release */,
			);
			defaultConfigurationIsVisible = 0;
			defaultConfigurationName = Release;
		};
/* End XCConfigurationList section */

/* Begin XCRemoteSwiftPackageReference section */
		231665532CE449320009B2C4 /* XCRemoteSwiftPackageReference "SnapKit" */ = {
			isa = XCRemoteSwiftPackageReference;
			repositoryURL = "https://github.com/SnapKit/SnapKit.git";
			requirement = {
				kind = upToNextMajorVersion;
				minimumVersion = 5.6.0;
			};
		};
		231665582CE4493B0009B2C4 /* XCRemoteSwiftPackageReference "Then" */ = {
			isa = XCRemoteSwiftPackageReference;
			repositoryURL = "https://github.com/devxoul/Then.git";
			requirement = {
				kind = upToNextMajorVersion;
				minimumVersion = 3.0.0;
			};
		};
/* End XCRemoteSwiftPackageReference section */

/* Begin XCSwiftPackageProductDependency section */
		231665542CE449320009B2C4 /* SnapKit */ = {
			isa = XCSwiftPackageProductDependency;
			package = 231665532CE449320009B2C4 /* XCRemoteSwiftPackageReference "SnapKit" */;
			productName = SnapKit;
		};
		231665592CE4493B0009B2C4 /* Then */ = {
			isa = XCSwiftPackageProductDependency;
			package = 231665582CE4493B0009B2C4 /* XCRemoteSwiftPackageReference "Then" */;
			productName = Then;
		};
/* End XCSwiftPackageProductDependency section */
	};
	rootObject = 233B22282CCE345500B02C46 /* Project object */;
}
